
Microsoft Visual Studio Solution File, Format Version 12.00
# Visual Studio Version 17
VisualStudioVersion = 17.2.32505.173
MinimumVisualStudioVersion = 10.0.40219.1
Project("{FAE04EC0-301F-11D3-BF4B-00C04F79EFBC}") = "WebApplication2", "WebApplication2\WebApplication2.csproj", "{341BFAAC-9D07-4416-8127-02AAF8AA86AF}"
EndProject
Global
	GlobalSection(SolutionConfigurationPlatforms) = preSolution
		Debug|Any CPU = Debug|Any CPU
		Release|Any CPU = Release|Any CPU
	EndGlobalSection
	GlobalSection(ProjectConfigurationPlatforms) = postSolution
		{341BFAAC-9D07-4416-8127-02AAF8AA86AF}.Debug|Any CPU.ActiveCfg = Debug|Any CPU
		{341BFAAC-9D07-4416-8127-02AAF8AA86AF}.Debug|Any CPU.Build.0 = Debug|Any CPU
		{341BFAAC-9D07-4416-8127-02AAF8AA86AF}.Release|Any CPU.ActiveCfg = Release|Any CPU
		{341BFAAC-9D07-4416-8127-02AAF8AA86AF}.Release|Any CPU.Build.0 = Release|Any CPU
	EndGlobalSection
	GlobalSection(SolutionProperties) = preSolution
		HideSolutionNode = FALSE
	EndGlobalSection
	GlobalSection(ExtensibilityGlobals) = postSolution
		SolutionGuid = {9C85B7BD-F46D-49BD-9370-EB7CAF735198}
	EndGlobalSection
EndGlobal
